
Microsoft Visual Studio Solution File, Format Version 12.00
# Visual Studio Version 16
VisualStudioVersion = 16.0.31702.278
MinimumVisualStudioVersion = 10.0.40219.1
Project("{FAE04EC0-301F-11D3-BF4B-00C04F79EFBC}") = "RGBCombiner", "RGBCombiner\RGBCombiner.csproj", "{C59E5E3B-17D8-45F1-BDE1-942E5381A327}"
EndProject
Global
	GlobalSection(SolutionConfigurationPlatforms) = preSolution
		Debug|Any CPU = Debug|Any CPU
		Release|Any CPU = Release|Any CPU
	EndGlobalSection
	GlobalSection(ProjectConfigurationPlatforms) = postSolution
		{C59E5E3B-17D8-45F1-BDE1-942E5381A327}.Debug|Any CPU.ActiveCfg = Debug|Any CPU
		{C59E5E3B-17D8-45F1-BDE1-942E5381A327}.Debug|Any CPU.Build.0 = Debug|Any CPU
		{C59E5E3B-17D8-45F1-BDE1-942E5381A327}.Release|Any CPU.ActiveCfg = Release|Any CPU
		{C59E5E3B-17D8-45F1-BDE1-942E5381A327}.Release|Any CPU.Build.0 = Release|Any CPU
	EndGlobalSection
	GlobalSection(SolutionProperties) = preSolution
		HideSolutionNode = FALSE
	EndGlobalSection
	GlobalSection(ExtensibilityGlobals) = postSolution
		SolutionGuid = {2802EDA7-AB6B-4B1D-B42E-F10C89E5DEAD}
	EndGlobalSection
EndGlobal
